
Microsoft Visual Studio Solution File, Format Version 12.00
# Visual Studio Version 16
VisualStudioVersion = 16.0.31019.35
MinimumVisualStudioVersion = 10.0.40219.1
Project("{FAE04EC0-301F-11D3-BF4B-00C04F79EFBC}") = "MyPhotos", "MyPhotos\MyPhotos.csproj", "{CF0EBE33-1650-47C4-B078-118ADF038BAD}"
EndProject
Global
	GlobalSection(SolutionConfigurationPlatforms) = preSolution
		Debug|Any CPU = Debug|Any CPU
		Release|Any CPU = Release|Any CPU
	EndGlobalSection
	GlobalSection(ProjectConfigurationPlatforms) = postSolution
		{CF0EBE33-1650-47C4-B078-118ADF038BAD}.Debug|Any CPU.ActiveCfg = Debug|Any CPU
		{CF0EBE33-1650-47C4-B078-118ADF038BAD}.Debug|Any CPU.Build.0 = Debug|Any CPU
		{CF0EBE33-1650-47C4-B078-118ADF038BAD}.Release|Any CPU.ActiveCfg = Release|Any CPU
		{CF0EBE33-1650-47C4-B078-118ADF038BAD}.Release|Any CPU.Build.0 = Release|Any CPU
	EndGlobalSection
	GlobalSection(SolutionProperties) = preSolution
		HideSolutionNode = FALSE
	EndGlobalSection
	GlobalSection(ExtensibilityGlobals) = postSolution
		SolutionGuid = {21A48125-72AD-4D83-9DA5-829A06476E82}
	EndGlobalSection
EndGlobal
